{
  "name": ".kenv",
  "lockfileVersion": 2,
  "requires": true,
  "packages": {
    "": {
      "devDependencies": {
        "@johnlindquist/kit": "file:../.kit",
        "prettier": "^2.8.3",
        "sony-tv-api": "^0.0.3"
      }
    },
    "../.kit": {
      "name": "@johnlindquist/kit",
      "version": "0.42.0",
      "dev": true,
      "license": "ISC",
      "dependencies": {
        "@johnlindquist/globals": "1.14.9",
        "@johnlindquist/kit-internal": "1.13.1",
        "@octokit/auth-oauth-device": "4.0.2",
        "@octokit/core": "4.0.5",
        "@octokit/plugin-paginate-rest": "4.2.3",
        "@octokit/plugin-rest-endpoint-methods": "6.5.2",
        "@octokit/plugin-retry": "3.0.9",
        "@octokit/plugin-throttling": "4.3.0",
        "@types/node-notifier": "8.0.2",
        "@types/shelljs": "0.8.11",
        "advanced-calculator": "1.1.0",
        "esbuild": "^0.17.4",
        "file-icon": "5.1.0",
        "filesize": "9.0.11",
        "googlethis": "1.4.3",
        "highlight.js": "11.6.0",
        "node-notifier": "10.0.1",
        "open": "8.4.0",
        "shelljs": "0.8.5",
        "slugify": "1.6.5",
        "suggestion": "2.1.2",
        "trash": "8.1.0",
        "zx": "7.0.7"
      },
      "bin": {
        "kit": "bin/kit",
        "kitblitz": "bin/kitblitz.mjs",
        "sk": "bin/sk"
      },
      "devDependencies": {
        "@types/debug": "4.1.7",
        "@types/express": "4.17.13",
        "@types/express-ws": "3.0.1",
        "@types/node": "18.7.16",
        "@types/node-ipc": "9.2.0",
        "ava": "4.3.3",
        "debug": "4.3.4",
        "semantic-release": "19.0.5",
        "semantic-release-plugin-update-version-in-files": "1.1.0",
        "tsc-watch": "5.0.3",
        "typedoc": "0.23.14",
        "typedoc-plugin-markdown": "3.13.6",
        "typescript": "4.8.3",
        "unzipper": "0.10.11"
      },
      "engines": {
        "node": ">=14.8.0"
      }
    },
    "node_modules/@johnlindquist/kit": {
      "resolved": "../.kit",
      "link": true
    },
    "node_modules/destr": {
      "version": "1.2.2",
      "resolved": "https://registry.npmjs.org/destr/-/destr-1.2.2.tgz",
      "integrity": "sha512-lrbCJwD9saUQrqUfXvl6qoM+QN3W7tLV5pAOs+OqOmopCCz/JkE05MHedJR1xfk4IAnZuJXPVuN5+7jNA2ZCiA==",
      "dev": true
    },
    "node_modules/node-fetch-native": {
      "version": "1.0.1",
      "resolved": "https://registry.npmjs.org/node-fetch-native/-/node-fetch-native-1.0.1.tgz",
      "integrity": "sha512-VzW+TAk2wE4X9maiKMlT+GsPU4OMmR1U9CrHSmd3DFLn2IcZ9VJ6M6BBugGfYUnPCLSYxXdZy17M0BEJyhUTwg==",
      "dev": true
    },
    "node_modules/ofetch": {
      "version": "1.0.0",
      "resolved": "https://registry.npmjs.org/ofetch/-/ofetch-1.0.0.tgz",
      "integrity": "sha512-d40aof8czZFSQKJa4+F7Ch3UC5D631cK1TTUoK+iNEut9NoiCL+u0vykl/puYVUS2df4tIQl5upQcolIcEzQjQ==",
      "dev": true,
      "dependencies": {
        "destr": "^1.2.1",
        "node-fetch-native": "^1.0.1",
        "ufo": "^1.0.0"
      }
    },
    "node_modules/prettier": {
      "version": "2.8.3",
      "resolved": "https://registry.npmjs.org/prettier/-/prettier-2.8.3.tgz",
      "integrity": "sha512-tJ/oJ4amDihPoufT5sM0Z1SKEuKay8LfVAMlbbhnnkvt6BUserZylqo2PN+p9KeljLr0OHa2rXHU1T8reeoTrw==",
      "dev": true,
      "bin": {
        "prettier": "bin-prettier.js"
      },
      "engines": {
        "node": ">=10.13.0"
      },
      "funding": {
        "url": "https://github.com/prettier/prettier?sponsor=1"
      }
    },
    "node_modules/sony-tv-api": {
      "version": "0.0.3",
      "resolved": "https://registry.npmjs.org/sony-tv-api/-/sony-tv-api-0.0.3.tgz",
      "integrity": "sha512-Yb7CyHQam6aIC2+jqrTZDsdP7DGjUGTsxlMEogKyB19hnyvtoOpF6beCyMnglUZuGOY46H+85kVukWOup/bD3w==",
      "dev": true,
      "dependencies": {
        "ofetch": "^1.0.0"
      }
    },
    "node_modules/ufo": {
      "version": "1.0.1",
      "resolved": "https://registry.npmjs.org/ufo/-/ufo-1.0.1.tgz",
      "integrity": "sha512-boAm74ubXHY7KJQZLlXrtMz52qFvpsbOxDcZOnw/Wf+LS4Mmyu7JxmzD4tDLtUQtmZECypJ0FrCz4QIe6dvKRA==",
      "dev": true
    }
  },
  "dependencies": {
    "@johnlindquist/kit": {
      "version": "file:../.kit",
      "requires": {
        "@johnlindquist/globals": "1.14.9",
        "@johnlindquist/kit-internal": "1.13.1",
        "@octokit/auth-oauth-device": "4.0.2",
        "@octokit/core": "4.0.5",
        "@octokit/plugin-paginate-rest": "4.2.3",
        "@octokit/plugin-rest-endpoint-methods": "6.5.2",
        "@octokit/plugin-retry": "3.0.9",
        "@octokit/plugin-throttling": "4.3.0",
        "@types/debug": "4.1.7",
        "@types/express": "4.17.13",
        "@types/express-ws": "3.0.1",
        "@types/node": "18.7.16",
        "@types/node-ipc": "9.2.0",
        "@types/node-notifier": "8.0.2",
        "@types/shelljs": "0.8.11",
        "advanced-calculator": "1.1.0",
        "ava": "4.3.3",
        "debug": "4.3.4",
        "esbuild": "^0.17.4",
        "file-icon": "5.1.0",
        "filesize": "9.0.11",
        "googlethis": "1.4.3",
        "highlight.js": "11.6.0",
        "node-notifier": "10.0.1",
        "open": "8.4.0",
        "semantic-release": "19.0.5",
        "semantic-release-plugin-update-version-in-files": "1.1.0",
        "shelljs": "0.8.5",
        "slugify": "1.6.5",
        "suggestion": "2.1.2",
        "trash": "8.1.0",
        "tsc-watch": "5.0.3",
        "typedoc": "0.23.14",
        "typedoc-plugin-markdown": "3.13.6",
        "typescript": "4.8.3",
        "unzipper": "0.10.11",
        "zx": "7.0.7"
      }
    },
    "destr": {
      "version": "1.2.2",
      "resolved": "https://registry.npmjs.org/destr/-/destr-1.2.2.tgz",
      "integrity": "sha512-lrbCJwD9saUQrqUfXvl6qoM+QN3W7tLV5pAOs+OqOmopCCz/JkE05MHedJR1xfk4IAnZuJXPVuN5+7jNA2ZCiA==",
      "dev": true
    },
    "node-fetch-native": {
      "version": "1.0.1",
      "resolved": "https://registry.npmjs.org/node-fetch-native/-/node-fetch-native-1.0.1.tgz",
      "integrity": "sha512-VzW+TAk2wE4X9maiKMlT+GsPU4OMmR1U9CrHSmd3DFLn2IcZ9VJ6M6BBugGfYUnPCLSYxXdZy17M0BEJyhUTwg==",
      "dev": true
    },
    "ofetch": {
      "version": "1.0.0",
      "resolved": "https://registry.npmjs.org/ofetch/-/ofetch-1.0.0.tgz",
      "integrity": "sha512-d40aof8czZFSQKJa4+F7Ch3UC5D631cK1TTUoK+iNEut9NoiCL+u0vykl/puYVUS2df4tIQl5upQcolIcEzQjQ==",
      "dev": true,
      "requires": {
        "destr": "^1.2.1",
        "node-fetch-native": "^1.0.1",
        "ufo": "^1.0.0"
      }
    },
    "prettier": {
      "version": "2.8.3",
      "resolved": "https://registry.npmjs.org/prettier/-/prettier-2.8.3.tgz",
      "integrity": "sha512-tJ/oJ4amDihPoufT5sM0Z1SKEuKay8LfVAMlbbhnnkvt6BUserZylqo2PN+p9KeljLr0OHa2rXHU1T8reeoTrw==",
      "dev": true
    },
    "sony-tv-api": {
      "version": "0.0.3",
      "resolved": "https://registry.npmjs.org/sony-tv-api/-/sony-tv-api-0.0.3.tgz",
      "integrity": "sha512-Yb7CyHQam6aIC2+jqrTZDsdP7DGjUGTsxlMEogKyB19hnyvtoOpF6beCyMnglUZuGOY46H+85kVukWOup/bD3w==",
      "dev": true,
      "requires": {
        "ofetch": "^1.0.0"
      }
    },
    "ufo": {
      "version": "1.0.1",
      "resolved": "https://registry.npmjs.org/ufo/-/ufo-1.0.1.tgz",
      "integrity": "sha512-boAm74ubXHY7KJQZLlXrtMz52qFvpsbOxDcZOnw/Wf+LS4Mmyu7JxmzD4tDLtUQtmZECypJ0FrCz4QIe6dvKRA==",
      "dev": true
    }
  }
}
