{
  "name": ".kenv",
  "lockfileVersion": 2,
  "requires": true,
  "packages": {
    "": {
      "devDependencies": {
        "@johnlindquist/kit": "file:../.kit",
        "axios": "1.2.1",
        "playwright": "^1.30.0",
        "prettier": "^2.8.3",
        "sony-tv-api": "^0.0.3"
      }
    },
    "../.kit": {
      "name": "@johnlindquist/kit",
      "version": "0.42.0",
      "dev": true,
      "license": "ISC",
      "dependencies": {
        "@johnlindquist/globals": "1.14.9",
        "@johnlindquist/kit-internal": "1.13.1",
        "@octokit/auth-oauth-device": "4.0.2",
        "@octokit/core": "4.0.5",
        "@octokit/plugin-paginate-rest": "4.2.3",
        "@octokit/plugin-rest-endpoint-methods": "6.5.2",
        "@octokit/plugin-retry": "3.0.9",
        "@octokit/plugin-throttling": "4.3.0",
        "@types/node-notifier": "8.0.2",
        "@types/shelljs": "0.8.11",
        "advanced-calculator": "1.1.0",
        "esbuild": "^0.17.4",
        "file-icon": "5.1.0",
        "filesize": "9.0.11",
        "googlethis": "1.4.3",
        "highlight.js": "11.6.0",
        "node-notifier": "10.0.1",
        "open": "8.4.0",
        "shelljs": "0.8.5",
        "slugify": "1.6.5",
        "suggestion": "2.1.2",
        "trash": "8.1.0",
        "zx": "7.0.7"
      },
      "bin": {
        "kit": "bin/kit",
        "kitblitz": "bin/kitblitz.mjs",
        "sk": "bin/sk"
      },
      "devDependencies": {
        "@types/debug": "4.1.7",
        "@types/express": "4.17.13",
        "@types/express-ws": "3.0.1",
        "@types/node": "18.7.16",
        "@types/node-ipc": "9.2.0",
        "ava": "4.3.3",
        "debug": "4.3.4",
        "semantic-release": "19.0.5",
        "semantic-release-plugin-update-version-in-files": "1.1.0",
        "tsc-watch": "5.0.3",
        "typedoc": "0.23.14",
        "typedoc-plugin-markdown": "3.13.6",
        "typescript": "4.8.3",
        "unzipper": "0.10.11"
      },
      "engines": {
        "node": ">=14.8.0"
      }
    },
    "node_modules/@johnlindquist/kit": {
      "resolved": "../.kit",
      "link": true
    },
    "node_modules/asynckit": {
      "version": "0.4.0",
      "resolved": "https://registry.npmjs.org/asynckit/-/asynckit-0.4.0.tgz",
      "integrity": "sha512-Oei9OH4tRh0YqU3GxhX79dM/mwVgvbZJaSNaRk+bshkj0S5cfHcgYakreBjrHwatXKbz+IoIdYLxrKim2MjW0Q==",
      "dev": true
    },
    "node_modules/axios": {
      "version": "1.2.1",
      "resolved": "https://registry.npmjs.org/axios/-/axios-1.2.1.tgz",
      "integrity": "sha512-I88cFiGu9ryt/tfVEi4kX2SITsvDddTajXTOFmt2uK1ZVA8LytjtdeyefdQWEf5PU8w+4SSJDoYnggflB5tW4A==",
      "dev": true,
      "dependencies": {
        "follow-redirects": "^1.15.0",
        "form-data": "^4.0.0",
        "proxy-from-env": "^1.1.0"
      }
    },
    "node_modules/combined-stream": {
      "version": "1.0.8",
      "resolved": "https://registry.npmjs.org/combined-stream/-/combined-stream-1.0.8.tgz",
      "integrity": "sha512-FQN4MRfuJeHf7cBbBMJFXhKSDq+2kAArBlmRBvcvFE5BB1HZKXtSFASDhdlz9zOYwxh8lDdnvmMOe/+5cdoEdg==",
      "dev": true,
      "dependencies": {
        "delayed-stream": "~1.0.0"
      },
      "engines": {
        "node": ">= 0.8"
      }
    },
    "node_modules/delayed-stream": {
      "version": "1.0.0",
      "resolved": "https://registry.npmjs.org/delayed-stream/-/delayed-stream-1.0.0.tgz",
      "integrity": "sha512-ZySD7Nf91aLB0RxL4KGrKHBXl7Eds1DAmEdcoVawXnLD7SDhpNgtuII2aAkg7a7QS41jxPSZ17p4VdGnMHk3MQ==",
      "dev": true,
      "engines": {
        "node": ">=0.4.0"
      }
    },
    "node_modules/destr": {
      "version": "1.2.2",
      "resolved": "https://registry.npmjs.org/destr/-/destr-1.2.2.tgz",
      "integrity": "sha512-lrbCJwD9saUQrqUfXvl6qoM+QN3W7tLV5pAOs+OqOmopCCz/JkE05MHedJR1xfk4IAnZuJXPVuN5+7jNA2ZCiA==",
      "dev": true
    },
    "node_modules/follow-redirects": {
      "version": "1.15.2",
      "resolved": "https://registry.npmjs.org/follow-redirects/-/follow-redirects-1.15.2.tgz",
      "integrity": "sha512-VQLG33o04KaQ8uYi2tVNbdrWp1QWxNNea+nmIB4EVM28v0hmP17z7aG1+wAkNzVq4KeXTq3221ye5qTJP91JwA==",
      "dev": true,
      "funding": [
        {
          "type": "individual",
          "url": "https://github.com/sponsors/RubenVerborgh"
        }
      ],
      "engines": {
        "node": ">=4.0"
      },
      "peerDependenciesMeta": {
        "debug": {
          "optional": true
        }
      }
    },
    "node_modules/form-data": {
      "version": "4.0.0",
      "resolved": "https://registry.npmjs.org/form-data/-/form-data-4.0.0.tgz",
      "integrity": "sha512-ETEklSGi5t0QMZuiXoA/Q6vcnxcLQP5vdugSpuAyi6SVGi2clPPp+xgEhuMaHC+zGgn31Kd235W35f7Hykkaww==",
      "dev": true,
      "dependencies": {
        "asynckit": "^0.4.0",
        "combined-stream": "^1.0.8",
        "mime-types": "^2.1.12"
      },
      "engines": {
        "node": ">= 6"
      }
    },
    "node_modules/mime-db": {
      "version": "1.52.0",
      "resolved": "https://registry.npmjs.org/mime-db/-/mime-db-1.52.0.tgz",
      "integrity": "sha512-sPU4uV7dYlvtWJxwwxHD0PuihVNiE7TyAbQ5SWxDCB9mUYvOgroQOwYQQOKPJ8CIbE+1ETVlOoK1UC2nU3gYvg==",
      "dev": true,
      "engines": {
        "node": ">= 0.6"
      }
    },
    "node_modules/mime-types": {
      "version": "2.1.35",
      "resolved": "https://registry.npmjs.org/mime-types/-/mime-types-2.1.35.tgz",
      "integrity": "sha512-ZDY+bPm5zTTF+YpCrAU9nK0UgICYPT0QtT1NZWFv4s++TNkcgVaT0g6+4R2uI4MjQjzysHB1zxuWL50hzaeXiw==",
      "dev": true,
      "dependencies": {
        "mime-db": "1.52.0"
      },
      "engines": {
        "node": ">= 0.6"
      }
    },
    "node_modules/node-fetch-native": {
      "version": "1.0.1",
      "resolved": "https://registry.npmjs.org/node-fetch-native/-/node-fetch-native-1.0.1.tgz",
      "integrity": "sha512-VzW+TAk2wE4X9maiKMlT+GsPU4OMmR1U9CrHSmd3DFLn2IcZ9VJ6M6BBugGfYUnPCLSYxXdZy17M0BEJyhUTwg==",
      "dev": true
    },
    "node_modules/ofetch": {
      "version": "1.0.0",
      "resolved": "https://registry.npmjs.org/ofetch/-/ofetch-1.0.0.tgz",
      "integrity": "sha512-d40aof8czZFSQKJa4+F7Ch3UC5D631cK1TTUoK+iNEut9NoiCL+u0vykl/puYVUS2df4tIQl5upQcolIcEzQjQ==",
      "dev": true,
      "dependencies": {
        "destr": "^1.2.1",
        "node-fetch-native": "^1.0.1",
        "ufo": "^1.0.0"
      }
    },
    "node_modules/playwright": {
      "version": "1.30.0",
      "resolved": "https://registry.npmjs.org/playwright/-/playwright-1.30.0.tgz",
      "integrity": "sha512-ENbW5o75HYB3YhnMTKJLTErIBExrSlX2ZZ1C/FzmHjUYIfxj/UnI+DWpQr992m+OQVSg0rCExAOlRwB+x+yyIg==",
      "dev": true,
      "hasInstallScript": true,
      "dependencies": {
        "playwright-core": "1.30.0"
      },
      "bin": {
        "playwright": "cli.js"
      },
      "engines": {
        "node": ">=14"
      }
    },
    "node_modules/playwright-core": {
      "version": "1.30.0",
      "resolved": "https://registry.npmjs.org/playwright-core/-/playwright-core-1.30.0.tgz",
      "integrity": "sha512-7AnRmTCf+GVYhHbLJsGUtskWTE33SwMZkybJ0v6rqR1boxq2x36U7p1vDRV7HO2IwTZgmycracLxPEJI49wu4g==",
      "dev": true,
      "bin": {
        "playwright": "cli.js"
      },
      "engines": {
        "node": ">=14"
      }
    },
    "node_modules/prettier": {
      "version": "2.8.3",
      "resolved": "https://registry.npmjs.org/prettier/-/prettier-2.8.3.tgz",
      "integrity": "sha512-tJ/oJ4amDihPoufT5sM0Z1SKEuKay8LfVAMlbbhnnkvt6BUserZylqo2PN+p9KeljLr0OHa2rXHU1T8reeoTrw==",
      "dev": true,
      "bin": {
        "prettier": "bin-prettier.js"
      },
      "engines": {
        "node": ">=10.13.0"
      },
      "funding": {
        "url": "https://github.com/prettier/prettier?sponsor=1"
      }
    },
    "node_modules/proxy-from-env": {
      "version": "1.1.0",
      "resolved": "https://registry.npmjs.org/proxy-from-env/-/proxy-from-env-1.1.0.tgz",
      "integrity": "sha512-D+zkORCbA9f1tdWRK0RaCR3GPv50cMxcrz4X8k5LTSUD1Dkw47mKJEZQNunItRTkWwgtaUSo1RVFRIG9ZXiFYg==",
      "dev": true
    },
    "node_modules/sony-tv-api": {
      "version": "0.0.3",
      "resolved": "https://registry.npmjs.org/sony-tv-api/-/sony-tv-api-0.0.3.tgz",
      "integrity": "sha512-Yb7CyHQam6aIC2+jqrTZDsdP7DGjUGTsxlMEogKyB19hnyvtoOpF6beCyMnglUZuGOY46H+85kVukWOup/bD3w==",
      "dev": true,
      "dependencies": {
        "ofetch": "^1.0.0"
      }
    },
    "node_modules/ufo": {
      "version": "1.0.1",
      "resolved": "https://registry.npmjs.org/ufo/-/ufo-1.0.1.tgz",
      "integrity": "sha512-boAm74ubXHY7KJQZLlXrtMz52qFvpsbOxDcZOnw/Wf+LS4Mmyu7JxmzD4tDLtUQtmZECypJ0FrCz4QIe6dvKRA==",
      "dev": true
    }
  },
  "dependencies": {
    "@johnlindquist/kit": {
      "version": "file:../.kit",
      "requires": {
        "@johnlindquist/globals": "1.14.9",
        "@johnlindquist/kit-internal": "1.13.1",
        "@octokit/auth-oauth-device": "4.0.2",
        "@octokit/core": "4.0.5",
        "@octokit/plugin-paginate-rest": "4.2.3",
        "@octokit/plugin-rest-endpoint-methods": "6.5.2",
        "@octokit/plugin-retry": "3.0.9",
        "@octokit/plugin-throttling": "4.3.0",
        "@types/debug": "4.1.7",
        "@types/express": "4.17.13",
        "@types/express-ws": "3.0.1",
        "@types/node": "18.7.16",
        "@types/node-ipc": "9.2.0",
        "@types/node-notifier": "8.0.2",
        "@types/shelljs": "0.8.11",
        "advanced-calculator": "1.1.0",
        "ava": "4.3.3",
        "debug": "4.3.4",
        "esbuild": "^0.17.4",
        "file-icon": "5.1.0",
        "filesize": "9.0.11",
        "googlethis": "1.4.3",
        "highlight.js": "11.6.0",
        "node-notifier": "10.0.1",
        "open": "8.4.0",
        "semantic-release": "19.0.5",
        "semantic-release-plugin-update-version-in-files": "1.1.0",
        "shelljs": "0.8.5",
        "slugify": "1.6.5",
        "suggestion": "2.1.2",
        "trash": "8.1.0",
        "tsc-watch": "5.0.3",
        "typedoc": "0.23.14",
        "typedoc-plugin-markdown": "3.13.6",
        "typescript": "4.8.3",
        "unzipper": "0.10.11",
        "zx": "7.0.7"
      }
    },
    "asynckit": {
      "version": "0.4.0",
      "resolved": "https://registry.npmjs.org/asynckit/-/asynckit-0.4.0.tgz",
      "integrity": "sha512-Oei9OH4tRh0YqU3GxhX79dM/mwVgvbZJaSNaRk+bshkj0S5cfHcgYakreBjrHwatXKbz+IoIdYLxrKim2MjW0Q==",
      "dev": true
    },
    "axios": {
      "version": "1.2.1",
      "resolved": "https://registry.npmjs.org/axios/-/axios-1.2.1.tgz",
      "integrity": "sha512-I88cFiGu9ryt/tfVEi4kX2SITsvDddTajXTOFmt2uK1ZVA8LytjtdeyefdQWEf5PU8w+4SSJDoYnggflB5tW4A==",
      "dev": true,
      "requires": {
        "follow-redirects": "^1.15.0",
        "form-data": "^4.0.0",
        "proxy-from-env": "^1.1.0"
      }
    },
    "combined-stream": {
      "version": "1.0.8",
      "resolved": "https://registry.npmjs.org/combined-stream/-/combined-stream-1.0.8.tgz",
      "integrity": "sha512-FQN4MRfuJeHf7cBbBMJFXhKSDq+2kAArBlmRBvcvFE5BB1HZKXtSFASDhdlz9zOYwxh8lDdnvmMOe/+5cdoEdg==",
      "dev": true,
      "requires": {
        "delayed-stream": "~1.0.0"
      }
    },
    "delayed-stream": {
      "version": "1.0.0",
      "resolved": "https://registry.npmjs.org/delayed-stream/-/delayed-stream-1.0.0.tgz",
      "integrity": "sha512-ZySD7Nf91aLB0RxL4KGrKHBXl7Eds1DAmEdcoVawXnLD7SDhpNgtuII2aAkg7a7QS41jxPSZ17p4VdGnMHk3MQ==",
      "dev": true
    },
    "destr": {
      "version": "1.2.2",
      "resolved": "https://registry.npmjs.org/destr/-/destr-1.2.2.tgz",
      "integrity": "sha512-lrbCJwD9saUQrqUfXvl6qoM+QN3W7tLV5pAOs+OqOmopCCz/JkE05MHedJR1xfk4IAnZuJXPVuN5+7jNA2ZCiA==",
      "dev": true
    },
    "follow-redirects": {
      "version": "1.15.2",
      "resolved": "https://registry.npmjs.org/follow-redirects/-/follow-redirects-1.15.2.tgz",
      "integrity": "sha512-VQLG33o04KaQ8uYi2tVNbdrWp1QWxNNea+nmIB4EVM28v0hmP17z7aG1+wAkNzVq4KeXTq3221ye5qTJP91JwA==",
      "dev": true
    },
    "form-data": {
      "version": "4.0.0",
      "resolved": "https://registry.npmjs.org/form-data/-/form-data-4.0.0.tgz",
      "integrity": "sha512-ETEklSGi5t0QMZuiXoA/Q6vcnxcLQP5vdugSpuAyi6SVGi2clPPp+xgEhuMaHC+zGgn31Kd235W35f7Hykkaww==",
      "dev": true,
      "requires": {
        "asynckit": "^0.4.0",
        "combined-stream": "^1.0.8",
        "mime-types": "^2.1.12"
      }
    },
    "mime-db": {
      "version": "1.52.0",
      "resolved": "https://registry.npmjs.org/mime-db/-/mime-db-1.52.0.tgz",
      "integrity": "sha512-sPU4uV7dYlvtWJxwwxHD0PuihVNiE7TyAbQ5SWxDCB9mUYvOgroQOwYQQOKPJ8CIbE+1ETVlOoK1UC2nU3gYvg==",
      "dev": true
    },
    "mime-types": {
      "version": "2.1.35",
      "resolved": "https://registry.npmjs.org/mime-types/-/mime-types-2.1.35.tgz",
      "integrity": "sha512-ZDY+bPm5zTTF+YpCrAU9nK0UgICYPT0QtT1NZWFv4s++TNkcgVaT0g6+4R2uI4MjQjzysHB1zxuWL50hzaeXiw==",
      "dev": true,
      "requires": {
        "mime-db": "1.52.0"
      }
    },
    "node-fetch-native": {
      "version": "1.0.1",
      "resolved": "https://registry.npmjs.org/node-fetch-native/-/node-fetch-native-1.0.1.tgz",
      "integrity": "sha512-VzW+TAk2wE4X9maiKMlT+GsPU4OMmR1U9CrHSmd3DFLn2IcZ9VJ6M6BBugGfYUnPCLSYxXdZy17M0BEJyhUTwg==",
      "dev": true
    },
    "ofetch": {
      "version": "1.0.0",
      "resolved": "https://registry.npmjs.org/ofetch/-/ofetch-1.0.0.tgz",
      "integrity": "sha512-d40aof8czZFSQKJa4+F7Ch3UC5D631cK1TTUoK+iNEut9NoiCL+u0vykl/puYVUS2df4tIQl5upQcolIcEzQjQ==",
      "dev": true,
      "requires": {
        "destr": "^1.2.1",
        "node-fetch-native": "^1.0.1",
        "ufo": "^1.0.0"
      }
    },
    "playwright": {
      "version": "1.30.0",
      "resolved": "https://registry.npmjs.org/playwright/-/playwright-1.30.0.tgz",
      "integrity": "sha512-ENbW5o75HYB3YhnMTKJLTErIBExrSlX2ZZ1C/FzmHjUYIfxj/UnI+DWpQr992m+OQVSg0rCExAOlRwB+x+yyIg==",
      "dev": true,
      "requires": {
        "playwright-core": "1.30.0"
      }
    },
    "playwright-core": {
      "version": "1.30.0",
      "resolved": "https://registry.npmjs.org/playwright-core/-/playwright-core-1.30.0.tgz",
      "integrity": "sha512-7AnRmTCf+GVYhHbLJsGUtskWTE33SwMZkybJ0v6rqR1boxq2x36U7p1vDRV7HO2IwTZgmycracLxPEJI49wu4g==",
      "dev": true
    },
    "prettier": {
      "version": "2.8.3",
      "resolved": "https://registry.npmjs.org/prettier/-/prettier-2.8.3.tgz",
      "integrity": "sha512-tJ/oJ4amDihPoufT5sM0Z1SKEuKay8LfVAMlbbhnnkvt6BUserZylqo2PN+p9KeljLr0OHa2rXHU1T8reeoTrw==",
      "dev": true
    },
    "proxy-from-env": {
      "version": "1.1.0",
      "resolved": "https://registry.npmjs.org/proxy-from-env/-/proxy-from-env-1.1.0.tgz",
      "integrity": "sha512-D+zkORCbA9f1tdWRK0RaCR3GPv50cMxcrz4X8k5LTSUD1Dkw47mKJEZQNunItRTkWwgtaUSo1RVFRIG9ZXiFYg==",
      "dev": true
    },
    "sony-tv-api": {
      "version": "0.0.3",
      "resolved": "https://registry.npmjs.org/sony-tv-api/-/sony-tv-api-0.0.3.tgz",
      "integrity": "sha512-Yb7CyHQam6aIC2+jqrTZDsdP7DGjUGTsxlMEogKyB19hnyvtoOpF6beCyMnglUZuGOY46H+85kVukWOup/bD3w==",
      "dev": true,
      "requires": {
        "ofetch": "^1.0.0"
      }
    },
    "ufo": {
      "version": "1.0.1",
      "resolved": "https://registry.npmjs.org/ufo/-/ufo-1.0.1.tgz",
      "integrity": "sha512-boAm74ubXHY7KJQZLlXrtMz52qFvpsbOxDcZOnw/Wf+LS4Mmyu7JxmzD4tDLtUQtmZECypJ0FrCz4QIe6dvKRA==",
      "dev": true
    }
  }
}
